
Microsoft Visual Studio Solution File, Format Version 12.00
# Visual Studio Version 17
VisualStudioVersion = 17.0.31903.59
MinimumVisualStudioVersion = 10.0.40219.1
Project("{FAE04EC0-301F-11D3-BF4B-00C04F79EFBC}") = "DiscordRestClient", "DiscordRestClient\DiscordRestClient.csproj", "{F89847A5-5E24-4DD4-BCF6-1D528ABAA8B3}"
EndProject
Global
	GlobalSection(SolutionConfigurationPlatforms) = preSolution
		Debug|Any CPU = Debug|Any CPU
		Release|Any CPU = Release|Any CPU
	EndGlobalSection
	GlobalSection(ProjectConfigurationPlatforms) = postSolution
		{F89847A5-5E24-4DD4-BCF6-1D528ABAA8B3}.Debug|Any CPU.ActiveCfg = Debug|Any CPU
		{F89847A5-5E24-4DD4-BCF6-1D528ABAA8B3}.Debug|Any CPU.Build.0 = Debug|Any CPU
		{F89847A5-5E24-4DD4-BCF6-1D528ABAA8B3}.Release|Any CPU.ActiveCfg = Release|Any CPU
		{F89847A5-5E24-4DD4-BCF6-1D528ABAA8B3}.Release|Any CPU.Build.0 = Release|Any CPU
	EndGlobalSection
	GlobalSection(SolutionProperties) = preSolution
		HideSolutionNode = FALSE
	EndGlobalSection
	GlobalSection(ExtensibilityGlobals) = postSolution
		SolutionGuid = {DBC9783F-5C8A-4C1C-B043-2037DA254E77}
	EndGlobalSection
EndGlobal
